
Microsoft Visual Studio Solution File, Format Version 12.00
# Visual Studio 15
VisualStudioVersion = 15.0.28307.168
MinimumVisualStudioVersion = 10.0.40219.1
Project("{888888A0-9F3D-457C-B088-3A5042F75D52}") = "src", "src\src.pyproj", "{30158596-1072-4B17-B131-8A51A3C1A4B7}"
EndProject
Global
	GlobalSection(SolutionConfigurationPlatforms) = preSolution
		Debug|Any CPU = Debug|Any CPU
		Release|Any CPU = Release|Any CPU
	EndGlobalSection
	GlobalSection(ProjectConfigurationPlatforms) = postSolution
		{30158596-1072-4B17-B131-8A51A3C1A4B7}.Debug|Any CPU.ActiveCfg = Debug|Any CPU
		{30158596-1072-4B17-B131-8A51A3C1A4B7}.Release|Any CPU.ActiveCfg = Release|Any CPU
	EndGlobalSection
	GlobalSection(SolutionProperties) = preSolution
		HideSolutionNode = FALSE
	EndGlobalSection
	GlobalSection(ExtensibilityGlobals) = postSolution
		SolutionGuid = {12112E83-F5D5-4CA2-BF9A-B046EF4FD7CF}
	EndGlobalSection
EndGlobal
